
Microsoft Visual Studio Solution File, Format Version 12.00
# Visual Studio Version 17
VisualStudioVersion = 17.3.32922.545
MinimumVisualStudioVersion = 10.0.40219.1
Project("{FAE04EC0-301F-11D3-BF4B-00C04F79EFBC}") = "Flyweight.Design.Pattern", "Flyweight.Design.Pattern\Flyweight.Design.Pattern.csproj", "{5753B1E5-63A9-4E42-96ED-CA3F3C4CF0CB}"
EndProject
Global
	GlobalSection(SolutionConfigurationPlatforms) = preSolution
		Debug|Any CPU = Debug|Any CPU
		Release|Any CPU = Release|Any CPU
	EndGlobalSection
	GlobalSection(ProjectConfigurationPlatforms) = postSolution
		{5753B1E5-63A9-4E42-96ED-CA3F3C4CF0CB}.Debug|Any CPU.ActiveCfg = Debug|Any CPU
		{5753B1E5-63A9-4E42-96ED-CA3F3C4CF0CB}.Debug|Any CPU.Build.0 = Debug|Any CPU
		{5753B1E5-63A9-4E42-96ED-CA3F3C4CF0CB}.Release|Any CPU.ActiveCfg = Release|Any CPU
		{5753B1E5-63A9-4E42-96ED-CA3F3C4CF0CB}.Release|Any CPU.Build.0 = Release|Any CPU
	EndGlobalSection
	GlobalSection(SolutionProperties) = preSolution
		HideSolutionNode = FALSE
	EndGlobalSection
	GlobalSection(ExtensibilityGlobals) = postSolution
		SolutionGuid = {FCD4C5D8-E610-4B8B-8E27-00A9B213B2AC}
	EndGlobalSection
EndGlobal
