
Microsoft Visual Studio Solution File, Format Version 12.00
# Visual Studio Version 17
VisualStudioVersion = 17.3.32922.545
MinimumVisualStudioVersion = 10.0.40219.1
Project("{9A19103F-16F7-4668-BE54-9A1E7A4F7556}") = "FactoryMethod.Before", "FactoryMethod.Before\FactoryMethod.Before.csproj", "{7C99E99E-5021-4778-9DF1-68FC09217375}"
EndProject
Project("{9A19103F-16F7-4668-BE54-9A1E7A4F7556}") = "FactoryMethod.Interface", "FactoryMethod.Interface\FactoryMethod.Interface.csproj", "{F135838B-33DA-4632-AAA6-6CB11F3F47E9}"
EndProject
Project("{FAE04EC0-301F-11D3-BF4B-00C04F79EFBC}") = "FactoryMethod.Pattern.Class", "FactoryMethod.Pattern.Class\FactoryMethod.Pattern.Class.csproj", "{FB62483B-F0DC-4CEA-BB25-33B537C3AE7B}"
EndProject
Global
	GlobalSection(SolutionConfigurationPlatforms) = preSolution
		Debug|Any CPU = Debug|Any CPU
		Release|Any CPU = Release|Any CPU
	EndGlobalSection
	GlobalSection(ProjectConfigurationPlatforms) = postSolution
		{7C99E99E-5021-4778-9DF1-68FC09217375}.Debug|Any CPU.ActiveCfg = Debug|Any CPU
		{7C99E99E-5021-4778-9DF1-68FC09217375}.Debug|Any CPU.Build.0 = Debug|Any CPU
		{7C99E99E-5021-4778-9DF1-68FC09217375}.Release|Any CPU.ActiveCfg = Release|Any CPU
		{7C99E99E-5021-4778-9DF1-68FC09217375}.Release|Any CPU.Build.0 = Release|Any CPU
		{F135838B-33DA-4632-AAA6-6CB11F3F47E9}.Debug|Any CPU.ActiveCfg = Debug|Any CPU
		{F135838B-33DA-4632-AAA6-6CB11F3F47E9}.Debug|Any CPU.Build.0 = Debug|Any CPU
		{F135838B-33DA-4632-AAA6-6CB11F3F47E9}.Release|Any CPU.ActiveCfg = Release|Any CPU
		{F135838B-33DA-4632-AAA6-6CB11F3F47E9}.Release|Any CPU.Build.0 = Release|Any CPU
		{FB62483B-F0DC-4CEA-BB25-33B537C3AE7B}.Debug|Any CPU.ActiveCfg = Debug|Any CPU
		{FB62483B-F0DC-4CEA-BB25-33B537C3AE7B}.Debug|Any CPU.Build.0 = Debug|Any CPU
		{FB62483B-F0DC-4CEA-BB25-33B537C3AE7B}.Release|Any CPU.ActiveCfg = Release|Any CPU
		{FB62483B-F0DC-4CEA-BB25-33B537C3AE7B}.Release|Any CPU.Build.0 = Release|Any CPU
	EndGlobalSection
	GlobalSection(SolutionProperties) = preSolution
		HideSolutionNode = FALSE
	EndGlobalSection
	GlobalSection(ExtensibilityGlobals) = postSolution
		SolutionGuid = {AFBA9E87-5A23-4ECC-AF47-4F890301FEC5}
	EndGlobalSection
EndGlobal
