
Microsoft Visual Studio Solution File, Format Version 12.00
# Visual Studio Version 17
VisualStudioVersion = 17.3.32922.545
MinimumVisualStudioVersion = 10.0.40219.1
Project("{FAE04EC0-301F-11D3-BF4B-00C04F79EFBC}") = "Interpreter.Design.Pattern", "Interpreter.Design.Pattern\Interpreter.Design.Pattern.csproj", "{A0203F23-D4EF-4833-BDF0-DF416A80E301}"
EndProject
Global
	GlobalSection(SolutionConfigurationPlatforms) = preSolution
		Debug|Any CPU = Debug|Any CPU
		Release|Any CPU = Release|Any CPU
	EndGlobalSection
	GlobalSection(ProjectConfigurationPlatforms) = postSolution
		{A0203F23-D4EF-4833-BDF0-DF416A80E301}.Debug|Any CPU.ActiveCfg = Debug|Any CPU
		{A0203F23-D4EF-4833-BDF0-DF416A80E301}.Debug|Any CPU.Build.0 = Debug|Any CPU
		{A0203F23-D4EF-4833-BDF0-DF416A80E301}.Release|Any CPU.ActiveCfg = Release|Any CPU
		{A0203F23-D4EF-4833-BDF0-DF416A80E301}.Release|Any CPU.Build.0 = Release|Any CPU
	EndGlobalSection
	GlobalSection(SolutionProperties) = preSolution
		HideSolutionNode = FALSE
	EndGlobalSection
	GlobalSection(ExtensibilityGlobals) = postSolution
		SolutionGuid = {8832C371-6EDC-4E76-A4BD-D8289DD7DA25}
	EndGlobalSection
EndGlobal
