
Microsoft Visual Studio Solution File, Format Version 12.00
# Visual Studio Version 17
VisualStudioVersion = 17.3.32922.545
MinimumVisualStudioVersion = 10.0.40219.1
Project("{FAE04EC0-301F-11D3-BF4B-00C04F79EFBC}") = "Template.Method.Before", "Template.Method.Before\Template.Method.Before.csproj", "{475A3E61-7B9D-4560-84F5-8BC86B0CBC7E}"
EndProject
Project("{FAE04EC0-301F-11D3-BF4B-00C04F79EFBC}") = "Template.Method.After", "Template.Method.After\Template.Method.After.csproj", "{2BA05FBC-5A8D-4638-9A5F-1F2F481FC5D6}"
EndProject
Global
	GlobalSection(SolutionConfigurationPlatforms) = preSolution
		Debug|Any CPU = Debug|Any CPU
		Release|Any CPU = Release|Any CPU
	EndGlobalSection
	GlobalSection(ProjectConfigurationPlatforms) = postSolution
		{475A3E61-7B9D-4560-84F5-8BC86B0CBC7E}.Debug|Any CPU.ActiveCfg = Debug|Any CPU
		{475A3E61-7B9D-4560-84F5-8BC86B0CBC7E}.Debug|Any CPU.Build.0 = Debug|Any CPU
		{475A3E61-7B9D-4560-84F5-8BC86B0CBC7E}.Release|Any CPU.ActiveCfg = Release|Any CPU
		{475A3E61-7B9D-4560-84F5-8BC86B0CBC7E}.Release|Any CPU.Build.0 = Release|Any CPU
		{2BA05FBC-5A8D-4638-9A5F-1F2F481FC5D6}.Debug|Any CPU.ActiveCfg = Debug|Any CPU
		{2BA05FBC-5A8D-4638-9A5F-1F2F481FC5D6}.Debug|Any CPU.Build.0 = Debug|Any CPU
		{2BA05FBC-5A8D-4638-9A5F-1F2F481FC5D6}.Release|Any CPU.ActiveCfg = Release|Any CPU
		{2BA05FBC-5A8D-4638-9A5F-1F2F481FC5D6}.Release|Any CPU.Build.0 = Release|Any CPU
	EndGlobalSection
	GlobalSection(SolutionProperties) = preSolution
		HideSolutionNode = FALSE
	EndGlobalSection
	GlobalSection(ExtensibilityGlobals) = postSolution
		SolutionGuid = {DF4C7C8D-E1EF-4C90-9E46-269FD747CFB2}
	EndGlobalSection
EndGlobal
