
Microsoft Visual Studio Solution File, Format Version 12.00
# Visual Studio Version 17
VisualStudioVersion = 17.3.32922.545
MinimumVisualStudioVersion = 10.0.40219.1
Project("{FAE04EC0-301F-11D3-BF4B-00C04F79EFBC}") = "Facade.Before", "Facade.Before\Facade.Before.csproj", "{823B411B-B510-436D-A402-5668D83EFB96}"
EndProject
Project("{FAE04EC0-301F-11D3-BF4B-00C04F79EFBC}") = "Facade.After", "Facade.After\Facade.After.csproj", "{EFDAF86D-C7CC-4297-9BB0-B33D39750B62}"
EndProject
Global
	GlobalSection(SolutionConfigurationPlatforms) = preSolution
		Debug|Any CPU = Debug|Any CPU
		Release|Any CPU = Release|Any CPU
	EndGlobalSection
	GlobalSection(ProjectConfigurationPlatforms) = postSolution
		{823B411B-B510-436D-A402-5668D83EFB96}.Debug|Any CPU.ActiveCfg = Debug|Any CPU
		{823B411B-B510-436D-A402-5668D83EFB96}.Debug|Any CPU.Build.0 = Debug|Any CPU
		{823B411B-B510-436D-A402-5668D83EFB96}.Release|Any CPU.ActiveCfg = Release|Any CPU
		{823B411B-B510-436D-A402-5668D83EFB96}.Release|Any CPU.Build.0 = Release|Any CPU
		{EFDAF86D-C7CC-4297-9BB0-B33D39750B62}.Debug|Any CPU.ActiveCfg = Debug|Any CPU
		{EFDAF86D-C7CC-4297-9BB0-B33D39750B62}.Debug|Any CPU.Build.0 = Debug|Any CPU
		{EFDAF86D-C7CC-4297-9BB0-B33D39750B62}.Release|Any CPU.ActiveCfg = Release|Any CPU
		{EFDAF86D-C7CC-4297-9BB0-B33D39750B62}.Release|Any CPU.Build.0 = Release|Any CPU
	EndGlobalSection
	GlobalSection(SolutionProperties) = preSolution
		HideSolutionNode = FALSE
	EndGlobalSection
	GlobalSection(ExtensibilityGlobals) = postSolution
		SolutionGuid = {5D1E7482-EBBA-4548-AAC3-894708130866}
	EndGlobalSection
EndGlobal
