
Microsoft Visual Studio Solution File, Format Version 12.00
# Visual Studio Version 17
VisualStudioVersion = 17.3.32922.545
MinimumVisualStudioVersion = 10.0.40219.1
Project("{FAE04EC0-301F-11D3-BF4B-00C04F79EFBC}") = "State.After", "State.After\State.After.csproj", "{1443E88E-4BCE-45BE-A81B-DD82264EF86C}"
EndProject
Project("{FAE04EC0-301F-11D3-BF4B-00C04F79EFBC}") = "State.Before", "State.Before\State.Before.csproj", "{B7FFF9E4-B1A9-43DD-9D0B-526F59A2FB0A}"
EndProject
Global
	GlobalSection(SolutionConfigurationPlatforms) = preSolution
		Debug|Any CPU = Debug|Any CPU
		Release|Any CPU = Release|Any CPU
	EndGlobalSection
	GlobalSection(ProjectConfigurationPlatforms) = postSolution
		{1443E88E-4BCE-45BE-A81B-DD82264EF86C}.Debug|Any CPU.ActiveCfg = Debug|Any CPU
		{1443E88E-4BCE-45BE-A81B-DD82264EF86C}.Debug|Any CPU.Build.0 = Debug|Any CPU
		{1443E88E-4BCE-45BE-A81B-DD82264EF86C}.Release|Any CPU.ActiveCfg = Release|Any CPU
		{1443E88E-4BCE-45BE-A81B-DD82264EF86C}.Release|Any CPU.Build.0 = Release|Any CPU
		{B7FFF9E4-B1A9-43DD-9D0B-526F59A2FB0A}.Debug|Any CPU.ActiveCfg = Debug|Any CPU
		{B7FFF9E4-B1A9-43DD-9D0B-526F59A2FB0A}.Debug|Any CPU.Build.0 = Debug|Any CPU
		{B7FFF9E4-B1A9-43DD-9D0B-526F59A2FB0A}.Release|Any CPU.ActiveCfg = Release|Any CPU
		{B7FFF9E4-B1A9-43DD-9D0B-526F59A2FB0A}.Release|Any CPU.Build.0 = Release|Any CPU
	EndGlobalSection
	GlobalSection(SolutionProperties) = preSolution
		HideSolutionNode = FALSE
	EndGlobalSection
	GlobalSection(ExtensibilityGlobals) = postSolution
		SolutionGuid = {FFD0FD61-170D-4B80-9197-1C0F22543FC1}
	EndGlobalSection
EndGlobal
